PODS:
  - SKJavaScriptBridge (1.0.3)

DEPENDENCIES:
  - SKJavaScriptBridge (~> 1.0.3)

SPEC REPOS:
  https://github.com/CocoaPods/Specs.git:
    - SKJavaScriptBridge

SPEC CHECKSUMS:
  SKJavaScriptBridge: 1485c4d7853615a71e55beb3fb662f63e54d0f30

PODFILE CHECKSUM: 54ade91e276cb994bb82bba79d55928ec16c7113

COCOAPODS: 1.9.1
